
Microsoft Visual Studio Solution File, Format Version 12.00
# Visual Studio Version 17
VisualStudioVersion = 17.14.36705.20 d17.14
MinimumVisualStudioVersion = 10.0.40219.1
Project("{FAE04EC0-301F-11D3-BF4B-00C04F79EFBC}") = "ShopApiProject", "ShopApiProject.csproj", "{E83AC841-57D9-4DBD-9554-61F7B4AB7A58}"
EndProject
Global
	GlobalSection(SolutionConfigurationPlatforms) = preSolution
		Debug|Any CPU = Debug|Any CPU
		Release|Any CPU = Release|Any CPU
	EndGlobalSection
	GlobalSection(ProjectConfigurationPlatforms) = postSolution
		{E83AC841-57D9-4DBD-9554-61F7B4AB7A58}.Debug|Any CPU.ActiveCfg = Debug|Any CPU
		{E83AC841-57D9-4DBD-9554-61F7B4AB7A58}.Debug|Any CPU.Build.0 = Debug|Any CPU
		{E83AC841-57D9-4DBD-9554-61F7B4AB7A58}.Release|Any CPU.ActiveCfg = Release|Any CPU
		{E83AC841-57D9-4DBD-9554-61F7B4AB7A58}.Release|Any CPU.Build.0 = Release|Any CPU
	EndGlobalSection
	GlobalSection(SolutionProperties) = preSolution
		HideSolutionNode = FALSE
	EndGlobalSection
	GlobalSection(ExtensibilityGlobals) = postSolution
		SolutionGuid = {6DBF4196-36C0-4BD1-BA1D-B016A09B3AA0}
	EndGlobalSection
EndGlobal
